
Microsoft Visual Studio Solution File, Format Version 12.00
# Visual Studio Version 16
VisualStudioVersion = 16.0.34301.259
MinimumVisualStudioVersion = 10.0.40219.1
Project("{2150E333-8FDC-42A3-9474-1A3956D46DE8}") = "Task0", "Task0", "{65E9BD77-AC06-465F-AA72-00C4A45619B1}"
EndProject
Project("{FAE04EC0-301F-11D3-BF4B-00C04F79EFBC}") = "Tyuiu.VelizhaninIV.Sprint0.Task0.V0", "Tyuiu.VelizhaninIV.Sprint0.Task0.V0\Tyuiu.VelizhaninIV.Sprint0.Task0.V0.csproj", "{FD2E883A-0046-451D-9706-92AED5CAE946}"
EndProject
Project("{2150E333-8FDC-42A3-9474-1A3956D46DE8}") = "Task1", "Task1", "{2C1050AD-43FA-4E03-9C97-86DC4293BA03}"
EndProject
Project("{FAE04EC0-301F-11D3-BF4B-00C04F79EFBC}") = "Tyuiu.VelizhaninIV.Sprint0.Task1.V0", "Tyuiu.VelizhaninIV.Sprint0.Task1.V0\Tyuiu.VelizhaninIV.Sprint0.Task1.V0.csproj", "{7794E815-AE4A-4B73-9DDF-DCACA53737DE}"
EndProject
Project("{2150E333-8FDC-42A3-9474-1A3956D46DE8}") = "Task2", "Task2", "{AFD0DD72-59A2-4BA1-864B-91ED8A4EF224}"
EndProject
Project("{FAE04EC0-301F-11D3-BF4B-00C04F79EFBC}") = "Tyuiu.VelizhaninIV.Sprint0.Task2.V0", "Tyuiu.VelizhaninIV.Sprint0.Task2.V0\Tyuiu.VelizhaninIV.Sprint0.Task2.V0.csproj", "{1FC5DA2F-9031-45F1-B33B-9217094EFA00}"
EndProject
Project("{FAE04EC0-301F-11D3-BF4B-00C04F79EFBC}") = "Tyuiu.VelizhaninIV.Sprint0.Task2.V0.Lib", "Tyuiu.VelizhaninIV.Sprint0.Task2.V0.Lib\Tyuiu.VelizhaninIV.Sprint0.Task2.V0.Lib.csproj", "{FBB2E1D4-E432-408A-8570-7DAA40B29671}"
EndProject
Project("{FAE04EC0-301F-11D3-BF4B-00C04F79EFBC}") = "Tyuiu.VelizhaninIV.Sprint0.Task2.V0.Test", "Tyuiu.VelizhaninIV.Sprint0.Test2.V0.Test\Tyuiu.VelizhaninIV.Sprint0.Task2.V0.Test.csproj", "{00CE13E2-16ED-420B-8429-127AD3323047}"
EndProject
Global
	GlobalSection(SolutionConfigurationPlatforms) = preSolution
		Debug|Any CPU = Debug|Any CPU
		Release|Any CPU = Release|Any CPU
	EndGlobalSection
	GlobalSection(ProjectConfigurationPlatforms) = postSolution
		{FD2E883A-0046-451D-9706-92AED5CAE946}.Debug|Any CPU.ActiveCfg = Debug|Any CPU
		{FD2E883A-0046-451D-9706-92AED5CAE946}.Debug|Any CPU.Build.0 = Debug|Any CPU
		{FD2E883A-0046-451D-9706-92AED5CAE946}.Release|Any CPU.ActiveCfg = Release|Any CPU
		{FD2E883A-0046-451D-9706-92AED5CAE946}.Release|Any CPU.Build.0 = Release|Any CPU
		{7794E815-AE4A-4B73-9DDF-DCACA53737DE}.Debug|Any CPU.ActiveCfg = Debug|Any CPU
		{7794E815-AE4A-4B73-9DDF-DCACA53737DE}.Debug|Any CPU.Build.0 = Debug|Any CPU
		{7794E815-AE4A-4B73-9DDF-DCACA53737DE}.Release|Any CPU.ActiveCfg = Release|Any CPU
		{7794E815-AE4A-4B73-9DDF-DCACA53737DE}.Release|Any CPU.Build.0 = Release|Any CPU
		{1FC5DA2F-9031-45F1-B33B-9217094EFA00}.Debug|Any CPU.ActiveCfg = Debug|Any CPU
		{1FC5DA2F-9031-45F1-B33B-9217094EFA00}.Debug|Any CPU.Build.0 = Debug|Any CPU
		{1FC5DA2F-9031-45F1-B33B-9217094EFA00}.Release|Any CPU.ActiveCfg = Release|Any CPU
		{1FC5DA2F-9031-45F1-B33B-9217094EFA00}.Release|Any CPU.Build.0 = Release|Any CPU
		{FBB2E1D4-E432-408A-8570-7DAA40B29671}.Debug|Any CPU.ActiveCfg = Debug|Any CPU
		{FBB2E1D4-E432-408A-8570-7DAA40B29671}.Debug|Any CPU.Build.0 = Debug|Any CPU
		{FBB2E1D4-E432-408A-8570-7DAA40B29671}.Release|Any CPU.ActiveCfg = Release|Any CPU
		{FBB2E1D4-E432-408A-8570-7DAA40B29671}.Release|Any CPU.Build.0 = Release|Any CPU
		{00CE13E2-16ED-420B-8429-127AD3323047}.Debug|Any CPU.ActiveCfg = Debug|Any CPU
		{00CE13E2-16ED-420B-8429-127AD3323047}.Debug|Any CPU.Build.0 = Debug|Any CPU
		{00CE13E2-16ED-420B-8429-127AD3323047}.Release|Any CPU.ActiveCfg = Release|Any CPU
		{00CE13E2-16ED-420B-8429-127AD3323047}.Release|Any CPU.Build.0 = Release|Any CPU
	EndGlobalSection
	GlobalSection(SolutionProperties) = preSolution
		HideSolutionNode = FALSE
	EndGlobalSection
	GlobalSection(NestedProjects) = preSolution
		{FD2E883A-0046-451D-9706-92AED5CAE946} = {65E9BD77-AC06-465F-AA72-00C4A45619B1}
		{7794E815-AE4A-4B73-9DDF-DCACA53737DE} = {2C1050AD-43FA-4E03-9C97-86DC4293BA03}
		{1FC5DA2F-9031-45F1-B33B-9217094EFA00} = {AFD0DD72-59A2-4BA1-864B-91ED8A4EF224}
		{FBB2E1D4-E432-408A-8570-7DAA40B29671} = {AFD0DD72-59A2-4BA1-864B-91ED8A4EF224}
		{00CE13E2-16ED-420B-8429-127AD3323047} = {AFD0DD72-59A2-4BA1-864B-91ED8A4EF224}
	EndGlobalSection
	GlobalSection(ExtensibilityGlobals) = postSolution
		SolutionGuid = {43B1F4A0-FB72-4593-AC57-97F0C555C8F1}
	EndGlobalSection
EndGlobal
